
Microsoft Visual Studio Solution File, Format Version 12.00
# Visual Studio Version 17
VisualStudioVersion = 17.5.2.0
MinimumVisualStudioVersion = 10.0.40219.1
Project("{FAE04EC0-301F-11D3-BF4B-00C04F79EFBC}") = "App1.1", "c:\OneDrive\OneDrive - Inproec\Desktop\CSharpCourse\App1.1\App1.1.csproj", "{818F4473-9B6A-AE92-506B-58E5379BEC3A}"
EndProject
Project("{FAE04EC0-301F-11D3-BF4B-00C04F79EFBC}") = "App1.2", "c:\OneDrive\OneDrive - Inproec\Desktop\CSharpCourse\App1.2\App1.2.csproj", "{F3C36650-C9ED-8FDF-7BBE-03842CF6CE92}"
EndProject
Project("{FAE04EC0-301F-11D3-BF4B-00C04F79EFBC}") = "App1.3", "c:\OneDrive\OneDrive - Inproec\Desktop\CSharpCourse\App1.3\App1.3.csproj", "{4B2A5778-B551-CE5E-AEE9-0AF267624C06}"
EndProject
Project("{FAE04EC0-301F-11D3-BF4B-00C04F79EFBC}") = "App1.4", "c:\OneDrive\OneDrive - Inproec\Desktop\CSharpCourse\App1.4\App1.4.csproj", "{07A36598-50AB-D587-3516-A4A4B67ED865}"
EndProject
Project("{FAE04EC0-301F-11D3-BF4B-00C04F79EFBC}") = "App1.5", "c:\OneDrive\OneDrive - Inproec\Desktop\CSharpCourse\App1.5\App1.5.csproj", "{39E9E759-0868-EC78-DCA3-37F893E9F33B}"
EndProject
Project("{FAE04EC0-301F-11D3-BF4B-00C04F79EFBC}") = "App1.6", "c:\OneDrive\OneDrive - Inproec\Desktop\CSharpCourse\App1.6\App1.6.csproj", "{273AE780-5EC7-0029-9CEA-4DBC3B4EE0FD}"
EndProject
Project("{FAE04EC0-301F-11D3-BF4B-00C04F79EFBC}") = "App2.1", "c:\OneDrive\OneDrive - Inproec\Desktop\CSharpCourse\App2.1\App2.1.csproj", "{F08FE88B-C877-1F6A-3024-0FEAC4F9C1EB}"
EndProject
Project("{FAE04EC0-301F-11D3-BF4B-00C04F79EFBC}") = "App2.2", "c:\OneDrive\OneDrive - Inproec\Desktop\CSharpCourse\App2.2\App2.2.csproj", "{5D73B8CB-3DFA-71E7-15B3-0AC9DF1B5CF6}"
EndProject
Project("{FAE04EC0-301F-11D3-BF4B-00C04F79EFBC}") = "App2.3", "App2.3\App2.3.csproj", "{4056FD3E-5329-4C85-8C73-034F261805DF}"
EndProject
Project("{FAE04EC0-301F-11D3-BF4B-00C04F79EFBC}") = "App2.4", "App2.4\App2.4.csproj", "{960A0E41-E11B-476D-8930-2E060F6EAC54}"
EndProject
Project("{FAE04EC0-301F-11D3-BF4B-00C04F79EFBC}") = "App2.5", "App2.5\App2.5.csproj", "{B239EB29-3013-4548-82AD-D9351C519856}"
EndProject
Project("{FAE04EC0-301F-11D3-BF4B-00C04F79EFBC}") = "App2.6", "App2.6\App2.6.csproj", "{23DAF790-7FE4-4EF2-8835-309F5DB544EC}"
EndProject
Project("{FAE04EC0-301F-11D3-BF4B-00C04F79EFBC}") = "App2.7", "App2.7\App2.7.csproj", "{DFF7CFC4-4F71-4115-9089-BD6197F84256}"
EndProject
Project("{FAE04EC0-301F-11D3-BF4B-00C04F79EFBC}") = "App2.8", "App2.8\App2.8.csproj", "{EFCA26DC-900B-4569-BF6E-7A610E903370}"
EndProject
Project("{FAE04EC0-301F-11D3-BF4B-00C04F79EFBC}") = "App2.9", "App2.9\App2.9.csproj", "{02816E16-B9C7-4388-AF1C-7C58A71513B7}"
EndProject
Project("{FAE04EC0-301F-11D3-BF4B-00C04F79EFBC}") = "App2.10", "App2.10\App2.10.csproj", "{3EB09DA5-1F1A-4539-B419-393A88281929}"
EndProject
Project("{FAE04EC0-301F-11D3-BF4B-00C04F79EFBC}") = "App2.11", "App2.11\App2.11.csproj", "{EA7E8731-2197-47BA-838E-AB6FF204E83C}"
EndProject
Project("{FAE04EC0-301F-11D3-BF4B-00C04F79EFBC}") = "App2.12", "App2.12\App2.12.csproj", "{DD62B85B-8955-41E4-9D8F-B51948C36FD3}"
EndProject
Project("{FAE04EC0-301F-11D3-BF4B-00C04F79EFBC}") = "App3.1", "App3.1\App3.1.csproj", "{550179D4-313B-4F19-8F65-9734F7229C13}"
EndProject
Project("{FAE04EC0-301F-11D3-BF4B-00C04F79EFBC}") = "App3.2", "App3.2\App3.2.csproj", "{84C5850D-2F06-4367-BB9F-B3574EF3D0E7}"
EndProject
Project("{FAE04EC0-301F-11D3-BF4B-00C04F79EFBC}") = "App3.3", "App3.3\App3.3.csproj", "{13CA4844-0427-40BA-8B31-7EEA33DF4A6F}"
EndProject
Project("{FAE04EC0-301F-11D3-BF4B-00C04F79EFBC}") = "App3.4", "App3.4\App3.4.csproj", "{1E1FDC80-A6E2-4725-8710-FFE1F3C81AE6}"
EndProject
Project("{FAE04EC0-301F-11D3-BF4B-00C04F79EFBC}") = "App3.5", "App3.5\App3.5.csproj", "{F91C3C45-E471-4B83-9282-55FD6DEFDE2E}"
EndProject
Project("{FAE04EC0-301F-11D3-BF4B-00C04F79EFBC}") = "App3.6", "App3.6\App3.6.csproj", "{7712E596-026F-47B7-A1FC-DBE06CB4EC3B}"
EndProject
Global
	GlobalSection(SolutionConfigurationPlatforms) = preSolution
		Debug|Any CPU = Debug|Any CPU
		Debug|x64 = Debug|x64
		Debug|x86 = Debug|x86
		Release|Any CPU = Release|Any CPU
		Release|x64 = Release|x64
		Release|x86 = Release|x86
	EndGlobalSection
	GlobalSection(ProjectConfigurationPlatforms) = postSolution
		{818F4473-9B6A-AE92-506B-58E5379BEC3A}.Debug|Any CPU.ActiveCfg = Debug|Any CPU
		{818F4473-9B6A-AE92-506B-58E5379BEC3A}.Debug|Any CPU.Build.0 = Debug|Any CPU
		{818F4473-9B6A-AE92-506B-58E5379BEC3A}.Debug|x64.ActiveCfg = Debug|Any CPU
		{818F4473-9B6A-AE92-506B-58E5379BEC3A}.Debug|x64.Build.0 = Debug|Any CPU
		{818F4473-9B6A-AE92-506B-58E5379BEC3A}.Debug|x86.ActiveCfg = Debug|Any CPU
		{818F4473-9B6A-AE92-506B-58E5379BEC3A}.Debug|x86.Build.0 = Debug|Any CPU
		{818F4473-9B6A-AE92-506B-58E5379BEC3A}.Release|Any CPU.ActiveCfg = Release|Any CPU
		{818F4473-9B6A-AE92-506B-58E5379BEC3A}.Release|Any CPU.Build.0 = Release|Any CPU
		{818F4473-9B6A-AE92-506B-58E5379BEC3A}.Release|x64.ActiveCfg = Release|Any CPU
		{818F4473-9B6A-AE92-506B-58E5379BEC3A}.Release|x64.Build.0 = Release|Any CPU
		{818F4473-9B6A-AE92-506B-58E5379BEC3A}.Release|x86.ActiveCfg = Release|Any CPU
		{818F4473-9B6A-AE92-506B-58E5379BEC3A}.Release|x86.Build.0 = Release|Any CPU
		{F3C36650-C9ED-8FDF-7BBE-03842CF6CE92}.Debug|Any CPU.ActiveCfg = Debug|Any CPU
		{F3C36650-C9ED-8FDF-7BBE-03842CF6CE92}.Debug|Any CPU.Build.0 = Debug|Any CPU
		{F3C36650-C9ED-8FDF-7BBE-03842CF6CE92}.Debug|x64.ActiveCfg = Debug|Any CPU
		{F3C36650-C9ED-8FDF-7BBE-03842CF6CE92}.Debug|x64.Build.0 = Debug|Any CPU
		{F3C36650-C9ED-8FDF-7BBE-03842CF6CE92}.Debug|x86.ActiveCfg = Debug|Any CPU
		{F3C36650-C9ED-8FDF-7BBE-03842CF6CE92}.Debug|x86.Build.0 = Debug|Any CPU
		{F3C36650-C9ED-8FDF-7BBE-03842CF6CE92}.Release|Any CPU.ActiveCfg = Release|Any CPU
		{F3C36650-C9ED-8FDF-7BBE-03842CF6CE92}.Release|Any CPU.Build.0 = Release|Any CPU
		{F3C36650-C9ED-8FDF-7BBE-03842CF6CE92}.Release|x64.ActiveCfg = Release|Any CPU
		{F3C36650-C9ED-8FDF-7BBE-03842CF6CE92}.Release|x64.Build.0 = Release|Any CPU
		{F3C36650-C9ED-8FDF-7BBE-03842CF6CE92}.Release|x86.ActiveCfg = Release|Any CPU
		{F3C36650-C9ED-8FDF-7BBE-03842CF6CE92}.Release|x86.Build.0 = Release|Any CPU
		{4B2A5778-B551-CE5E-AEE9-0AF267624C06}.Debug|Any CPU.ActiveCfg = Debug|Any CPU
		{4B2A5778-B551-CE5E-AEE9-0AF267624C06}.Debug|Any CPU.Build.0 = Debug|Any CPU
		{4B2A5778-B551-CE5E-AEE9-0AF267624C06}.Debug|x64.ActiveCfg = Debug|Any CPU
		{4B2A5778-B551-CE5E-AEE9-0AF267624C06}.Debug|x64.Build.0 = Debug|Any CPU
		{4B2A5778-B551-CE5E-AEE9-0AF267624C06}.Debug|x86.ActiveCfg = Debug|Any CPU
		{4B2A5778-B551-CE5E-AEE9-0AF267624C06}.Debug|x86.Build.0 = Debug|Any CPU
		{4B2A5778-B551-CE5E-AEE9-0AF267624C06}.Release|Any CPU.ActiveCfg = Release|Any CPU
		{4B2A5778-B551-CE5E-AEE9-0AF267624C06}.Release|Any CPU.Build.0 = Release|Any CPU
		{4B2A5778-B551-CE5E-AEE9-0AF267624C06}.Release|x64.ActiveCfg = Release|Any CPU
		{4B2A5778-B551-CE5E-AEE9-0AF267624C06}.Release|x64.Build.0 = Release|Any CPU
		{4B2A5778-B551-CE5E-AEE9-0AF267624C06}.Release|x86.ActiveCfg = Release|Any CPU
		{4B2A5778-B551-CE5E-AEE9-0AF267624C06}.Release|x86.Build.0 = Release|Any CPU
		{07A36598-50AB-D587-3516-A4A4B67ED865}.Debug|Any CPU.ActiveCfg = Debug|Any CPU
		{07A36598-50AB-D587-3516-A4A4B67ED865}.Debug|Any CPU.Build.0 = Debug|Any CPU
		{07A36598-50AB-D587-3516-A4A4B67ED865}.Debug|x64.ActiveCfg = Debug|Any CPU
		{07A36598-50AB-D587-3516-A4A4B67ED865}.Debug|x64.Build.0 = Debug|Any CPU
		{07A36598-50AB-D587-3516-A4A4B67ED865}.Debug|x86.ActiveCfg = Debug|Any CPU
		{07A36598-50AB-D587-3516-A4A4B67ED865}.Debug|x86.Build.0 = Debug|Any CPU
		{07A36598-50AB-D587-3516-A4A4B67ED865}.Release|Any CPU.ActiveCfg = Release|Any CPU
		{07A36598-50AB-D587-3516-A4A4B67ED865}.Release|Any CPU.Build.0 = Release|Any CPU
		{07A36598-50AB-D587-3516-A4A4B67ED865}.Release|x64.ActiveCfg = Release|Any CPU
		{07A36598-50AB-D587-3516-A4A4B67ED865}.Release|x64.Build.0 = Release|Any CPU
		{07A36598-50AB-D587-3516-A4A4B67ED865}.Release|x86.ActiveCfg = Release|Any CPU
		{07A36598-50AB-D587-3516-A4A4B67ED865}.Release|x86.Build.0 = Release|Any CPU
		{39E9E759-0868-EC78-DCA3-37F893E9F33B}.Debug|Any CPU.ActiveCfg = Debug|Any CPU
		{39E9E759-0868-EC78-DCA3-37F893E9F33B}.Debug|Any CPU.Build.0 = Debug|Any CPU
		{39E9E759-0868-EC78-DCA3-37F893E9F33B}.Debug|x64.ActiveCfg = Debug|Any CPU
		{39E9E759-0868-EC78-DCA3-37F893E9F33B}.Debug|x64.Build.0 = Debug|Any CPU
		{39E9E759-0868-EC78-DCA3-37F893E9F33B}.Debug|x86.ActiveCfg = Debug|Any CPU
		{39E9E759-0868-EC78-DCA3-37F893E9F33B}.Debug|x86.Build.0 = Debug|Any CPU
		{39E9E759-0868-EC78-DCA3-37F893E9F33B}.Release|Any CPU.ActiveCfg = Release|Any CPU
		{39E9E759-0868-EC78-DCA3-37F893E9F33B}.Release|Any CPU.Build.0 = Release|Any CPU
		{39E9E759-0868-EC78-DCA3-37F893E9F33B}.Release|x64.ActiveCfg = Release|Any CPU
		{39E9E759-0868-EC78-DCA3-37F893E9F33B}.Release|x64.Build.0 = Release|Any CPU
		{39E9E759-0868-EC78-DCA3-37F893E9F33B}.Release|x86.ActiveCfg = Release|Any CPU
		{39E9E759-0868-EC78-DCA3-37F893E9F33B}.Release|x86.Build.0 = Release|Any CPU
		{273AE780-5EC7-0029-9CEA-4DBC3B4EE0FD}.Debug|Any CPU.ActiveCfg = Debug|Any CPU
		{273AE780-5EC7-0029-9CEA-4DBC3B4EE0FD}.Debug|Any CPU.Build.0 = Debug|Any CPU
		{273AE780-5EC7-0029-9CEA-4DBC3B4EE0FD}.Debug|x64.ActiveCfg = Debug|Any CPU
		{273AE780-5EC7-0029-9CEA-4DBC3B4EE0FD}.Debug|x64.Build.0 = Debug|Any CPU
		{273AE780-5EC7-0029-9CEA-4DBC3B4EE0FD}.Debug|x86.ActiveCfg = Debug|Any CPU
		{273AE780-5EC7-0029-9CEA-4DBC3B4EE0FD}.Debug|x86.Build.0 = Debug|Any CPU
		{273AE780-5EC7-0029-9CEA-4DBC3B4EE0FD}.Release|Any CPU.ActiveCfg = Release|Any CPU
		{273AE780-5EC7-0029-9CEA-4DBC3B4EE0FD}.Release|Any CPU.Build.0 = Release|Any CPU
		{273AE780-5EC7-0029-9CEA-4DBC3B4EE0FD}.Release|x64.ActiveCfg = Release|Any CPU
		{273AE780-5EC7-0029-9CEA-4DBC3B4EE0FD}.Release|x64.Build.0 = Release|Any CPU
		{273AE780-5EC7-0029-9CEA-4DBC3B4EE0FD}.Release|x86.ActiveCfg = Release|Any CPU
		{273AE780-5EC7-0029-9CEA-4DBC3B4EE0FD}.Release|x86.Build.0 = Release|Any CPU
		{F08FE88B-C877-1F6A-3024-0FEAC4F9C1EB}.Debug|Any CPU.ActiveCfg = Debug|Any CPU
		{F08FE88B-C877-1F6A-3024-0FEAC4F9C1EB}.Debug|Any CPU.Build.0 = Debug|Any CPU
		{F08FE88B-C877-1F6A-3024-0FEAC4F9C1EB}.Debug|x64.ActiveCfg = Debug|Any CPU
		{F08FE88B-C877-1F6A-3024-0FEAC4F9C1EB}.Debug|x64.Build.0 = Debug|Any CPU
		{F08FE88B-C877-1F6A-3024-0FEAC4F9C1EB}.Debug|x86.ActiveCfg = Debug|Any CPU
		{F08FE88B-C877-1F6A-3024-0FEAC4F9C1EB}.Debug|x86.Build.0 = Debug|Any CPU
		{F08FE88B-C877-1F6A-3024-0FEAC4F9C1EB}.Release|Any CPU.ActiveCfg = Release|Any CPU
		{F08FE88B-C877-1F6A-3024-0FEAC4F9C1EB}.Release|Any CPU.Build.0 = Release|Any CPU
		{F08FE88B-C877-1F6A-3024-0FEAC4F9C1EB}.Release|x64.ActiveCfg = Release|Any CPU
		{F08FE88B-C877-1F6A-3024-0FEAC4F9C1EB}.Release|x64.Build.0 = Release|Any CPU
		{F08FE88B-C877-1F6A-3024-0FEAC4F9C1EB}.Release|x86.ActiveCfg = Release|Any CPU
		{F08FE88B-C877-1F6A-3024-0FEAC4F9C1EB}.Release|x86.Build.0 = Release|Any CPU
		{5D73B8CB-3DFA-71E7-15B3-0AC9DF1B5CF6}.Debug|Any CPU.ActiveCfg = Debug|Any CPU
		{5D73B8CB-3DFA-71E7-15B3-0AC9DF1B5CF6}.Debug|Any CPU.Build.0 = Debug|Any CPU
		{5D73B8CB-3DFA-71E7-15B3-0AC9DF1B5CF6}.Debug|x64.ActiveCfg = Debug|Any CPU
		{5D73B8CB-3DFA-71E7-15B3-0AC9DF1B5CF6}.Debug|x64.Build.0 = Debug|Any CPU
		{5D73B8CB-3DFA-71E7-15B3-0AC9DF1B5CF6}.Debug|x86.ActiveCfg = Debug|Any CPU
		{5D73B8CB-3DFA-71E7-15B3-0AC9DF1B5CF6}.Debug|x86.Build.0 = Debug|Any CPU
		{5D73B8CB-3DFA-71E7-15B3-0AC9DF1B5CF6}.Release|Any CPU.ActiveCfg = Release|Any CPU
		{5D73B8CB-3DFA-71E7-15B3-0AC9DF1B5CF6}.Release|Any CPU.Build.0 = Release|Any CPU
		{5D73B8CB-3DFA-71E7-15B3-0AC9DF1B5CF6}.Release|x64.ActiveCfg = Release|Any CPU
		{5D73B8CB-3DFA-71E7-15B3-0AC9DF1B5CF6}.Release|x64.Build.0 = Release|Any CPU
		{5D73B8CB-3DFA-71E7-15B3-0AC9DF1B5CF6}.Release|x86.ActiveCfg = Release|Any CPU
		{5D73B8CB-3DFA-71E7-15B3-0AC9DF1B5CF6}.Release|x86.Build.0 = Release|Any CPU
		{4056FD3E-5329-4C85-8C73-034F261805DF}.Debug|Any CPU.ActiveCfg = Debug|Any CPU
		{4056FD3E-5329-4C85-8C73-034F261805DF}.Debug|Any CPU.Build.0 = Debug|Any CPU
		{4056FD3E-5329-4C85-8C73-034F261805DF}.Debug|x64.ActiveCfg = Debug|Any CPU
		{4056FD3E-5329-4C85-8C73-034F261805DF}.Debug|x64.Build.0 = Debug|Any CPU
		{4056FD3E-5329-4C85-8C73-034F261805DF}.Debug|x86.ActiveCfg = Debug|Any CPU
		{4056FD3E-5329-4C85-8C73-034F261805DF}.Debug|x86.Build.0 = Debug|Any CPU
		{4056FD3E-5329-4C85-8C73-034F261805DF}.Release|Any CPU.ActiveCfg = Release|Any CPU
		{4056FD3E-5329-4C85-8C73-034F261805DF}.Release|Any CPU.Build.0 = Release|Any CPU
		{4056FD3E-5329-4C85-8C73-034F261805DF}.Release|x64.ActiveCfg = Release|Any CPU
		{4056FD3E-5329-4C85-8C73-034F261805DF}.Release|x64.Build.0 = Release|Any CPU
		{4056FD3E-5329-4C85-8C73-034F261805DF}.Release|x86.ActiveCfg = Release|Any CPU
		{4056FD3E-5329-4C85-8C73-034F261805DF}.Release|x86.Build.0 = Release|Any CPU
		{960A0E41-E11B-476D-8930-2E060F6EAC54}.Debug|Any CPU.ActiveCfg = Debug|Any CPU
		{960A0E41-E11B-476D-8930-2E060F6EAC54}.Debug|Any CPU.Build.0 = Debug|Any CPU
		{960A0E41-E11B-476D-8930-2E060F6EAC54}.Debug|x64.ActiveCfg = Debug|Any CPU
		{960A0E41-E11B-476D-8930-2E060F6EAC54}.Debug|x64.Build.0 = Debug|Any CPU
		{960A0E41-E11B-476D-8930-2E060F6EAC54}.Debug|x86.ActiveCfg = Debug|Any CPU
		{960A0E41-E11B-476D-8930-2E060F6EAC54}.Debug|x86.Build.0 = Debug|Any CPU
		{960A0E41-E11B-476D-8930-2E060F6EAC54}.Release|Any CPU.ActiveCfg = Release|Any CPU
		{960A0E41-E11B-476D-8930-2E060F6EAC54}.Release|Any CPU.Build.0 = Release|Any CPU
		{960A0E41-E11B-476D-8930-2E060F6EAC54}.Release|x64.ActiveCfg = Release|Any CPU
		{960A0E41-E11B-476D-8930-2E060F6EAC54}.Release|x64.Build.0 = Release|Any CPU
		{960A0E41-E11B-476D-8930-2E060F6EAC54}.Release|x86.ActiveCfg = Release|Any CPU
		{960A0E41-E11B-476D-8930-2E060F6EAC54}.Release|x86.Build.0 = Release|Any CPU
		{B239EB29-3013-4548-82AD-D9351C519856}.Debug|Any CPU.ActiveCfg = Debug|Any CPU
		{B239EB29-3013-4548-82AD-D9351C519856}.Debug|Any CPU.Build.0 = Debug|Any CPU
		{B239EB29-3013-4548-82AD-D9351C519856}.Debug|x64.ActiveCfg = Debug|Any CPU
		{B239EB29-3013-4548-82AD-D9351C519856}.Debug|x64.Build.0 = Debug|Any CPU
		{B239EB29-3013-4548-82AD-D9351C519856}.Debug|x86.ActiveCfg = Debug|Any CPU
		{B239EB29-3013-4548-82AD-D9351C519856}.Debug|x86.Build.0 = Debug|Any CPU
		{B239EB29-3013-4548-82AD-D9351C519856}.Release|Any CPU.ActiveCfg = Release|Any CPU
		{B239EB29-3013-4548-82AD-D9351C519856}.Release|Any CPU.Build.0 = Release|Any CPU
		{B239EB29-3013-4548-82AD-D9351C519856}.Release|x64.ActiveCfg = Release|Any CPU
		{B239EB29-3013-4548-82AD-D9351C519856}.Release|x64.Build.0 = Release|Any CPU
		{B239EB29-3013-4548-82AD-D9351C519856}.Release|x86.ActiveCfg = Release|Any CPU
		{B239EB29-3013-4548-82AD-D9351C519856}.Release|x86.Build.0 = Release|Any CPU
		{23DAF790-7FE4-4EF2-8835-309F5DB544EC}.Debug|Any CPU.ActiveCfg = Debug|Any CPU
		{23DAF790-7FE4-4EF2-8835-309F5DB544EC}.Debug|Any CPU.Build.0 = Debug|Any CPU
		{23DAF790-7FE4-4EF2-8835-309F5DB544EC}.Debug|x64.ActiveCfg = Debug|Any CPU
		{23DAF790-7FE4-4EF2-8835-309F5DB544EC}.Debug|x64.Build.0 = Debug|Any CPU
		{23DAF790-7FE4-4EF2-8835-309F5DB544EC}.Debug|x86.ActiveCfg = Debug|Any CPU
		{23DAF790-7FE4-4EF2-8835-309F5DB544EC}.Debug|x86.Build.0 = Debug|Any CPU
		{23DAF790-7FE4-4EF2-8835-309F5DB544EC}.Release|Any CPU.ActiveCfg = Release|Any CPU
		{23DAF790-7FE4-4EF2-8835-309F5DB544EC}.Release|Any CPU.Build.0 = Release|Any CPU
		{23DAF790-7FE4-4EF2-8835-309F5DB544EC}.Release|x64.ActiveCfg = Release|Any CPU
		{23DAF790-7FE4-4EF2-8835-309F5DB544EC}.Release|x64.Build.0 = Release|Any CPU
		{23DAF790-7FE4-4EF2-8835-309F5DB544EC}.Release|x86.ActiveCfg = Release|Any CPU
		{23DAF790-7FE4-4EF2-8835-309F5DB544EC}.Release|x86.Build.0 = Release|Any CPU
		{DFF7CFC4-4F71-4115-9089-BD6197F84256}.Debug|Any CPU.ActiveCfg = Debug|Any CPU
		{DFF7CFC4-4F71-4115-9089-BD6197F84256}.Debug|Any CPU.Build.0 = Debug|Any CPU
		{DFF7CFC4-4F71-4115-9089-BD6197F84256}.Debug|x64.ActiveCfg = Debug|Any CPU
		{DFF7CFC4-4F71-4115-9089-BD6197F84256}.Debug|x64.Build.0 = Debug|Any CPU
		{DFF7CFC4-4F71-4115-9089-BD6197F84256}.Debug|x86.ActiveCfg = Debug|Any CPU
		{DFF7CFC4-4F71-4115-9089-BD6197F84256}.Debug|x86.Build.0 = Debug|Any CPU
		{DFF7CFC4-4F71-4115-9089-BD6197F84256}.Release|Any CPU.ActiveCfg = Release|Any CPU
		{DFF7CFC4-4F71-4115-9089-BD6197F84256}.Release|Any CPU.Build.0 = Release|Any CPU
		{DFF7CFC4-4F71-4115-9089-BD6197F84256}.Release|x64.ActiveCfg = Release|Any CPU
		{DFF7CFC4-4F71-4115-9089-BD6197F84256}.Release|x64.Build.0 = Release|Any CPU
		{DFF7CFC4-4F71-4115-9089-BD6197F84256}.Release|x86.ActiveCfg = Release|Any CPU
		{DFF7CFC4-4F71-4115-9089-BD6197F84256}.Release|x86.Build.0 = Release|Any CPU
		{EFCA26DC-900B-4569-BF6E-7A610E903370}.Debug|Any CPU.ActiveCfg = Debug|Any CPU
		{EFCA26DC-900B-4569-BF6E-7A610E903370}.Debug|Any CPU.Build.0 = Debug|Any CPU
		{EFCA26DC-900B-4569-BF6E-7A610E903370}.Debug|x64.ActiveCfg = Debug|Any CPU
		{EFCA26DC-900B-4569-BF6E-7A610E903370}.Debug|x64.Build.0 = Debug|Any CPU
		{EFCA26DC-900B-4569-BF6E-7A610E903370}.Debug|x86.ActiveCfg = Debug|Any CPU
		{EFCA26DC-900B-4569-BF6E-7A610E903370}.Debug|x86.Build.0 = Debug|Any CPU
		{EFCA26DC-900B-4569-BF6E-7A610E903370}.Release|Any CPU.ActiveCfg = Release|Any CPU
		{EFCA26DC-900B-4569-BF6E-7A610E903370}.Release|Any CPU.Build.0 = Release|Any CPU
		{EFCA26DC-900B-4569-BF6E-7A610E903370}.Release|x64.ActiveCfg = Release|Any CPU
		{EFCA26DC-900B-4569-BF6E-7A610E903370}.Release|x64.Build.0 = Release|Any CPU
		{EFCA26DC-900B-4569-BF6E-7A610E903370}.Release|x86.ActiveCfg = Release|Any CPU
		{EFCA26DC-900B-4569-BF6E-7A610E903370}.Release|x86.Build.0 = Release|Any CPU
		{02816E16-B9C7-4388-AF1C-7C58A71513B7}.Debug|Any CPU.ActiveCfg = Debug|Any CPU
		{02816E16-B9C7-4388-AF1C-7C58A71513B7}.Debug|Any CPU.Build.0 = Debug|Any CPU
		{02816E16-B9C7-4388-AF1C-7C58A71513B7}.Debug|x64.ActiveCfg = Debug|Any CPU
		{02816E16-B9C7-4388-AF1C-7C58A71513B7}.Debug|x64.Build.0 = Debug|Any CPU
		{02816E16-B9C7-4388-AF1C-7C58A71513B7}.Debug|x86.ActiveCfg = Debug|Any CPU
		{02816E16-B9C7-4388-AF1C-7C58A71513B7}.Debug|x86.Build.0 = Debug|Any CPU
		{02816E16-B9C7-4388-AF1C-7C58A71513B7}.Release|Any CPU.ActiveCfg = Release|Any CPU
		{02816E16-B9C7-4388-AF1C-7C58A71513B7}.Release|Any CPU.Build.0 = Release|Any CPU
		{02816E16-B9C7-4388-AF1C-7C58A71513B7}.Release|x64.ActiveCfg = Release|Any CPU
		{02816E16-B9C7-4388-AF1C-7C58A71513B7}.Release|x64.Build.0 = Release|Any CPU
		{02816E16-B9C7-4388-AF1C-7C58A71513B7}.Release|x86.ActiveCfg = Release|Any CPU
		{02816E16-B9C7-4388-AF1C-7C58A71513B7}.Release|x86.Build.0 = Release|Any CPU
		{3EB09DA5-1F1A-4539-B419-393A88281929}.Debug|Any CPU.ActiveCfg = Debug|Any CPU
		{3EB09DA5-1F1A-4539-B419-393A88281929}.Debug|Any CPU.Build.0 = Debug|Any CPU
		{3EB09DA5-1F1A-4539-B419-393A88281929}.Debug|x64.ActiveCfg = Debug|Any CPU
		{3EB09DA5-1F1A-4539-B419-393A88281929}.Debug|x64.Build.0 = Debug|Any CPU
		{3EB09DA5-1F1A-4539-B419-393A88281929}.Debug|x86.ActiveCfg = Debug|Any CPU
		{3EB09DA5-1F1A-4539-B419-393A88281929}.Debug|x86.Build.0 = Debug|Any CPU
		{3EB09DA5-1F1A-4539-B419-393A88281929}.Release|Any CPU.ActiveCfg = Release|Any CPU
		{3EB09DA5-1F1A-4539-B419-393A88281929}.Release|Any CPU.Build.0 = Release|Any CPU
		{3EB09DA5-1F1A-4539-B419-393A88281929}.Release|x64.ActiveCfg = Release|Any CPU
		{3EB09DA5-1F1A-4539-B419-393A88281929}.Release|x64.Build.0 = Release|Any CPU
		{3EB09DA5-1F1A-4539-B419-393A88281929}.Release|x86.ActiveCfg = Release|Any CPU
		{3EB09DA5-1F1A-4539-B419-393A88281929}.Release|x86.Build.0 = Release|Any CPU
		{EA7E8731-2197-47BA-838E-AB6FF204E83C}.Debug|Any CPU.ActiveCfg = Debug|Any CPU
		{EA7E8731-2197-47BA-838E-AB6FF204E83C}.Debug|Any CPU.Build.0 = Debug|Any CPU
		{EA7E8731-2197-47BA-838E-AB6FF204E83C}.Debug|x64.ActiveCfg = Debug|Any CPU
		{EA7E8731-2197-47BA-838E-AB6FF204E83C}.Debug|x64.Build.0 = Debug|Any CPU
		{EA7E8731-2197-47BA-838E-AB6FF204E83C}.Debug|x86.ActiveCfg = Debug|Any CPU
		{EA7E8731-2197-47BA-838E-AB6FF204E83C}.Debug|x86.Build.0 = Debug|Any CPU
		{EA7E8731-2197-47BA-838E-AB6FF204E83C}.Release|Any CPU.ActiveCfg = Release|Any CPU
		{EA7E8731-2197-47BA-838E-AB6FF204E83C}.Release|Any CPU.Build.0 = Release|Any CPU
		{EA7E8731-2197-47BA-838E-AB6FF204E83C}.Release|x64.ActiveCfg = Release|Any CPU
		{EA7E8731-2197-47BA-838E-AB6FF204E83C}.Release|x64.Build.0 = Release|Any CPU
		{EA7E8731-2197-47BA-838E-AB6FF204E83C}.Release|x86.ActiveCfg = Release|Any CPU
		{EA7E8731-2197-47BA-838E-AB6FF204E83C}.Release|x86.Build.0 = Release|Any CPU
		{DD62B85B-8955-41E4-9D8F-B51948C36FD3}.Debug|Any CPU.ActiveCfg = Debug|Any CPU
		{DD62B85B-8955-41E4-9D8F-B51948C36FD3}.Debug|Any CPU.Build.0 = Debug|Any CPU
		{DD62B85B-8955-41E4-9D8F-B51948C36FD3}.Debug|x64.ActiveCfg = Debug|Any CPU
		{DD62B85B-8955-41E4-9D8F-B51948C36FD3}.Debug|x64.Build.0 = Debug|Any CPU
		{DD62B85B-8955-41E4-9D8F-B51948C36FD3}.Debug|x86.ActiveCfg = Debug|Any CPU
		{DD62B85B-8955-41E4-9D8F-B51948C36FD3}.Debug|x86.Build.0 = Debug|Any CPU
		{DD62B85B-8955-41E4-9D8F-B51948C36FD3}.Release|Any CPU.ActiveCfg = Release|Any CPU
		{DD62B85B-8955-41E4-9D8F-B51948C36FD3}.Release|Any CPU.Build.0 = Release|Any CPU
		{DD62B85B-8955-41E4-9D8F-B51948C36FD3}.Release|x64.ActiveCfg = Release|Any CPU
		{DD62B85B-8955-41E4-9D8F-B51948C36FD3}.Release|x64.Build.0 = Release|Any CPU
		{DD62B85B-8955-41E4-9D8F-B51948C36FD3}.Release|x86.ActiveCfg = Release|Any CPU
		{DD62B85B-8955-41E4-9D8F-B51948C36FD3}.Release|x86.Build.0 = Release|Any CPU
		{550179D4-313B-4F19-8F65-9734F7229C13}.Debug|Any CPU.ActiveCfg = Debug|Any CPU
		{550179D4-313B-4F19-8F65-9734F7229C13}.Debug|Any CPU.Build.0 = Debug|Any CPU
		{550179D4-313B-4F19-8F65-9734F7229C13}.Debug|x64.ActiveCfg = Debug|Any CPU
		{550179D4-313B-4F19-8F65-9734F7229C13}.Debug|x64.Build.0 = Debug|Any CPU
		{550179D4-313B-4F19-8F65-9734F7229C13}.Debug|x86.ActiveCfg = Debug|Any CPU
		{550179D4-313B-4F19-8F65-9734F7229C13}.Debug|x86.Build.0 = Debug|Any CPU
		{550179D4-313B-4F19-8F65-9734F7229C13}.Release|Any CPU.ActiveCfg = Release|Any CPU
		{550179D4-313B-4F19-8F65-9734F7229C13}.Release|Any CPU.Build.0 = Release|Any CPU
		{550179D4-313B-4F19-8F65-9734F7229C13}.Release|x64.ActiveCfg = Release|Any CPU
		{550179D4-313B-4F19-8F65-9734F7229C13}.Release|x64.Build.0 = Release|Any CPU
		{550179D4-313B-4F19-8F65-9734F7229C13}.Release|x86.ActiveCfg = Release|Any CPU
		{550179D4-313B-4F19-8F65-9734F7229C13}.Release|x86.Build.0 = Release|Any CPU
		{84C5850D-2F06-4367-BB9F-B3574EF3D0E7}.Debug|Any CPU.ActiveCfg = Debug|Any CPU
		{84C5850D-2F06-4367-BB9F-B3574EF3D0E7}.Debug|Any CPU.Build.0 = Debug|Any CPU
		{84C5850D-2F06-4367-BB9F-B3574EF3D0E7}.Debug|x64.ActiveCfg = Debug|Any CPU
		{84C5850D-2F06-4367-BB9F-B3574EF3D0E7}.Debug|x64.Build.0 = Debug|Any CPU
		{84C5850D-2F06-4367-BB9F-B3574EF3D0E7}.Debug|x86.ActiveCfg = Debug|Any CPU
		{84C5850D-2F06-4367-BB9F-B3574EF3D0E7}.Debug|x86.Build.0 = Debug|Any CPU
		{84C5850D-2F06-4367-BB9F-B3574EF3D0E7}.Release|Any CPU.ActiveCfg = Release|Any CPU
		{84C5850D-2F06-4367-BB9F-B3574EF3D0E7}.Release|Any CPU.Build.0 = Release|Any CPU
		{84C5850D-2F06-4367-BB9F-B3574EF3D0E7}.Release|x64.ActiveCfg = Release|Any CPU
		{84C5850D-2F06-4367-BB9F-B3574EF3D0E7}.Release|x64.Build.0 = Release|Any CPU
		{84C5850D-2F06-4367-BB9F-B3574EF3D0E7}.Release|x86.ActiveCfg = Release|Any CPU
		{84C5850D-2F06-4367-BB9F-B3574EF3D0E7}.Release|x86.Build.0 = Release|Any CPU
		{13CA4844-0427-40BA-8B31-7EEA33DF4A6F}.Debug|Any CPU.ActiveCfg = Debug|Any CPU
		{13CA4844-0427-40BA-8B31-7EEA33DF4A6F}.Debug|Any CPU.Build.0 = Debug|Any CPU
		{13CA4844-0427-40BA-8B31-7EEA33DF4A6F}.Debug|x64.ActiveCfg = Debug|Any CPU
		{13CA4844-0427-40BA-8B31-7EEA33DF4A6F}.Debug|x64.Build.0 = Debug|Any CPU
		{13CA4844-0427-40BA-8B31-7EEA33DF4A6F}.Debug|x86.ActiveCfg = Debug|Any CPU
		{13CA4844-0427-40BA-8B31-7EEA33DF4A6F}.Debug|x86.Build.0 = Debug|Any CPU
		{13CA4844-0427-40BA-8B31-7EEA33DF4A6F}.Release|Any CPU.ActiveCfg = Release|Any CPU
		{13CA4844-0427-40BA-8B31-7EEA33DF4A6F}.Release|Any CPU.Build.0 = Release|Any CPU
		{13CA4844-0427-40BA-8B31-7EEA33DF4A6F}.Release|x64.ActiveCfg = Release|Any CPU
		{13CA4844-0427-40BA-8B31-7EEA33DF4A6F}.Release|x64.Build.0 = Release|Any CPU
		{13CA4844-0427-40BA-8B31-7EEA33DF4A6F}.Release|x86.ActiveCfg = Release|Any CPU
		{13CA4844-0427-40BA-8B31-7EEA33DF4A6F}.Release|x86.Build.0 = Release|Any CPU
		{1E1FDC80-A6E2-4725-8710-FFE1F3C81AE6}.Debug|Any CPU.ActiveCfg = Debug|Any CPU
		{1E1FDC80-A6E2-4725-8710-FFE1F3C81AE6}.Debug|Any CPU.Build.0 = Debug|Any CPU
		{1E1FDC80-A6E2-4725-8710-FFE1F3C81AE6}.Debug|x64.ActiveCfg = Debug|Any CPU
		{1E1FDC80-A6E2-4725-8710-FFE1F3C81AE6}.Debug|x64.Build.0 = Debug|Any CPU
		{1E1FDC80-A6E2-4725-8710-FFE1F3C81AE6}.Debug|x86.ActiveCfg = Debug|Any CPU
		{1E1FDC80-A6E2-4725-8710-FFE1F3C81AE6}.Debug|x86.Build.0 = Debug|Any CPU
		{1E1FDC80-A6E2-4725-8710-FFE1F3C81AE6}.Release|Any CPU.ActiveCfg = Release|Any CPU
		{1E1FDC80-A6E2-4725-8710-FFE1F3C81AE6}.Release|Any CPU.Build.0 = Release|Any CPU
		{1E1FDC80-A6E2-4725-8710-FFE1F3C81AE6}.Release|x64.ActiveCfg = Release|Any CPU
		{1E1FDC80-A6E2-4725-8710-FFE1F3C81AE6}.Release|x64.Build.0 = Release|Any CPU
		{1E1FDC80-A6E2-4725-8710-FFE1F3C81AE6}.Release|x86.ActiveCfg = Release|Any CPU
		{1E1FDC80-A6E2-4725-8710-FFE1F3C81AE6}.Release|x86.Build.0 = Release|Any CPU
		{F91C3C45-E471-4B83-9282-55FD6DEFDE2E}.Debug|Any CPU.ActiveCfg = Debug|Any CPU
		{F91C3C45-E471-4B83-9282-55FD6DEFDE2E}.Debug|Any CPU.Build.0 = Debug|Any CPU
		{F91C3C45-E471-4B83-9282-55FD6DEFDE2E}.Debug|x64.ActiveCfg = Debug|Any CPU
		{F91C3C45-E471-4B83-9282-55FD6DEFDE2E}.Debug|x64.Build.0 = Debug|Any CPU
		{F91C3C45-E471-4B83-9282-55FD6DEFDE2E}.Debug|x86.ActiveCfg = Debug|Any CPU
		{F91C3C45-E471-4B83-9282-55FD6DEFDE2E}.Debug|x86.Build.0 = Debug|Any CPU
		{F91C3C45-E471-4B83-9282-55FD6DEFDE2E}.Release|Any CPU.ActiveCfg = Release|Any CPU
		{F91C3C45-E471-4B83-9282-55FD6DEFDE2E}.Release|Any CPU.Build.0 = Release|Any CPU
		{F91C3C45-E471-4B83-9282-55FD6DEFDE2E}.Release|x64.ActiveCfg = Release|Any CPU
		{F91C3C45-E471-4B83-9282-55FD6DEFDE2E}.Release|x64.Build.0 = Release|Any CPU
		{F91C3C45-E471-4B83-9282-55FD6DEFDE2E}.Release|x86.ActiveCfg = Release|Any CPU
		{F91C3C45-E471-4B83-9282-55FD6DEFDE2E}.Release|x86.Build.0 = Release|Any CPU
		{7712E596-026F-47B7-A1FC-DBE06CB4EC3B}.Debug|Any CPU.ActiveCfg = Debug|Any CPU
		{7712E596-026F-47B7-A1FC-DBE06CB4EC3B}.Debug|Any CPU.Build.0 = Debug|Any CPU
		{7712E596-026F-47B7-A1FC-DBE06CB4EC3B}.Debug|x64.ActiveCfg = Debug|Any CPU
		{7712E596-026F-47B7-A1FC-DBE06CB4EC3B}.Debug|x64.Build.0 = Debug|Any CPU
		{7712E596-026F-47B7-A1FC-DBE06CB4EC3B}.Debug|x86.ActiveCfg = Debug|Any CPU
		{7712E596-026F-47B7-A1FC-DBE06CB4EC3B}.Debug|x86.Build.0 = Debug|Any CPU
		{7712E596-026F-47B7-A1FC-DBE06CB4EC3B}.Release|Any CPU.ActiveCfg = Release|Any CPU
		{7712E596-026F-47B7-A1FC-DBE06CB4EC3B}.Release|Any CPU.Build.0 = Release|Any CPU
		{7712E596-026F-47B7-A1FC-DBE06CB4EC3B}.Release|x64.ActiveCfg = Release|Any CPU
		{7712E596-026F-47B7-A1FC-DBE06CB4EC3B}.Release|x64.Build.0 = Release|Any CPU
		{7712E596-026F-47B7-A1FC-DBE06CB4EC3B}.Release|x86.ActiveCfg = Release|Any CPU
		{7712E596-026F-47B7-A1FC-DBE06CB4EC3B}.Release|x86.Build.0 = Release|Any CPU
	EndGlobalSection
	GlobalSection(SolutionProperties) = preSolution
		HideSolutionNode = FALSE
	EndGlobalSection
	GlobalSection(ExtensibilityGlobals) = postSolution
		SolutionGuid = {37655BBF-B4BA-4C32-BAB8-175D4778078C}
	EndGlobalSection
EndGlobal
